
Microsoft Visual Studio Solution File, Format Version 12.00
# Visual Studio Version 17
VisualStudioVersion = 17.13.35931.197 d17.13
MinimumVisualStudioVersion = 10.0.40219.1
Project("{FAE04EC0-301F-11D3-BF4B-00C04F79EFBC}") = "projeto-ludico", "projeto-ludico\projeto-ludico.csproj", "{F3CF4FF0-DCFC-407D-852F-7DE68BAAB253}"
EndProject
Global
	GlobalSection(SolutionConfigurationPlatforms) = preSolution
		Debug|Any CPU = Debug|Any CPU
		Release|Any CPU = Release|Any CPU
	EndGlobalSection
	GlobalSection(ProjectConfigurationPlatforms) = postSolution
		{F3CF4FF0-DCFC-407D-852F-7DE68BAAB253}.Debug|Any CPU.ActiveCfg = Debug|Any CPU
		{F3CF4FF0-DCFC-407D-852F-7DE68BAAB253}.Debug|Any CPU.Build.0 = Debug|Any CPU
		{F3CF4FF0-DCFC-407D-852F-7DE68BAAB253}.Release|Any CPU.ActiveCfg = Release|Any CPU
		{F3CF4FF0-DCFC-407D-852F-7DE68BAAB253}.Release|Any CPU.Build.0 = Release|Any CPU
	EndGlobalSection
	GlobalSection(SolutionProperties) = preSolution
		HideSolutionNode = FALSE
	EndGlobalSection
	GlobalSection(ExtensibilityGlobals) = postSolution
		SolutionGuid = {23EAFECC-9282-4255-B78B-944B5BC9628D}
	EndGlobalSection
EndGlobal
